{
    "version": 3,
    "terraform_version": "0.11.10",
    "serial": 16,
    "lineage": "b065b84b-07a1-4664-9d44-f133c4bc7f2d",
    "modules": [
        {
            "path": [
                "root"
            ],
            "outputs": {},
            "resources": {
                "digitalocean_droplet.servers.0": {
                    "type": "digitalocean_droplet",
                    "depends_on": [],
                    "primary": {
                        "id": "127669434",
                        "attributes": {
                            "backups": "false",
                            "disk": "30",
                            "id": "127669434",
                            "image": "ubuntu-18-04-x64",
                            "ipv4_address": "178.128.187.33",
                            "ipv4_address_private": "",
                            "ipv6": "false",
                            "ipv6_address": "",
                            "ipv6_address_private": "",
                            "locked": "false",
                            "memory": "1024",
                            "monitoring": "false",
                            "name": "trustline0",
                            "price_hourly": "0.01488",
                            "price_monthly": "10",
                            "private_networking": "false",
                            "region": "sfo2",
                            "resize_disk": "true",
                            "size": "1gb",
                            "ssh_keys.#": "1",
                            "ssh_keys.3958621545": "d2:49:4c:56:cf:2c:d9:c5:06:5e:64:3c:6c:85:49:fa",
                            "status": "active",
                            "tags.#": "0",
                            "vcpus": "1",
                            "volume_ids.#": "0"
                        },
                        "meta": {
                            "schema_version": "1"
                        },
                        "tainted": false
                    },
                    "deposed": [],
                    "provider": "provider.digitalocean"
                },
                "digitalocean_droplet.servers.1": {
                    "type": "digitalocean_droplet",
                    "depends_on": [],
                    "primary": {
                        "id": "127669436",
                        "attributes": {
                            "backups": "false",
                            "disk": "30",
                            "id": "127669436",
                            "image": "ubuntu-18-04-x64",
                            "ipv4_address": "206.189.70.143",
                            "ipv4_address_private": "",
                            "ipv6": "false",
                            "ipv6_address": "",
                            "ipv6_address_private": "",
                            "locked": "false",
                            "memory": "1024",
                            "monitoring": "false",
                            "name": "trustline1",
                            "price_hourly": "0.01488",
                            "price_monthly": "10",
                            "private_networking": "false",
                            "region": "sfo2",
                            "resize_disk": "true",
                            "size": "1gb",
                            "ssh_keys.#": "1",
                            "ssh_keys.3958621545": "d2:49:4c:56:cf:2c:d9:c5:06:5e:64:3c:6c:85:49:fa",
                            "status": "active",
                            "tags.#": "0",
                            "vcpus": "1",
                            "volume_ids.#": "0"
                        },
                        "meta": {
                            "schema_version": "1"
                        },
                        "tainted": false
                    },
                    "deposed": [],
                    "provider": "provider.digitalocean"
                },
                "digitalocean_droplet.servers.2": {
                    "type": "digitalocean_droplet",
                    "depends_on": [],
                    "primary": {
                        "id": "127669435",
                        "attributes": {
                            "backups": "false",
                            "disk": "30",
                            "id": "127669435",
                            "image": "ubuntu-18-04-x64",
                            "ipv4_address": "167.99.99.151",
                            "ipv4_address_private": "",
                            "ipv6": "false",
                            "ipv6_address": "",
                            "ipv6_address_private": "",
                            "locked": "false",
                            "memory": "1024",
                            "monitoring": "false",
                            "name": "trustline2",
                            "price_hourly": "0.01488",
                            "price_monthly": "10",
                            "private_networking": "false",
                            "region": "sfo2",
                            "resize_disk": "true",
                            "size": "1gb",
                            "ssh_keys.#": "1",
                            "ssh_keys.3958621545": "d2:49:4c:56:cf:2c:d9:c5:06:5e:64:3c:6c:85:49:fa",
                            "status": "active",
                            "tags.#": "0",
                            "vcpus": "1",
                            "volume_ids.#": "0"
                        },
                        "meta": {
                            "schema_version": "1"
                        },
                        "tainted": false
                    },
                    "deposed": [],
                    "provider": "provider.digitalocean"
                }
            },
            "depends_on": []
        }
    ]
}
